# THIS IS AN AUTOGENERATED FILE. DO NOT EDIT THIS FILE DIRECTLY.
# yarn lockfile v1


"@types/node@*":
  version "26.6.2"
  resolved "https://registry.yarnpkg.com/@types/node/-/node-26.6.2.tgz#11bfb8e00bafe728d2113e474a7637becc9ab279"
  integrity sha512-X1P21scMv4zGKLYqjdGjaKa7COa0RKVYYZZN/NfvLQ1JegxFhdhpZG/Lyn8AXx6CDUavKAd11v6BvfpkDByK8g==
  dependencies:
    undici-types "~8.9.0"

"@types/node@^24.3.0":
  version "24.13.6"
  resolved "https://registry.yarnpkg.com/@types/node/-/node-24.13.6.tgz#30ba2d8aae3c321fd170fe52a915231a67a4875c"
  integrity sha512-SGrw/h3KPFshy3OE6ZL53LMBG5vGQQ8/gIpiqz/kRZhPJ7HgwCEs8LBuNtWLa8dvGZVpSF7+Bf+c11HUrCb/yg==
  dependencies:
    undici-types "~7.18.0"

"@types/ws@^8.18.1":
  version "8.18.1"
  resolved "https://registry.yarnpkg.com/@types/ws/-/ws-8.18.1.tgz#48464e4bf2ddfd17db13d845467f6070ffea4aa9"
  integrity sha512-ThVF6DCVhA8kUGy+aazFQ4kXQ7E1Ty7A3ypFOe0IcJV8O/M511G99AW24irKrW56Wt44yG9+ij8FaqoBGkuBXg==
  dependencies:
    "@types/node" "*"

typescript@^5.9.2:
  version "5.9.3"
  resolved "https://registry.yarnpkg.com/typescript/-/typescript-5.9.3.tgz#5b4f59e15310ab17a216f5d6cf53ee476ede670f"
  integrity sha512-jl1vZzPDinLr9eUt3J/t7V6FgNEw9QjvBPdysz9KfQDD41fQrC2Y4vKQdiaUpFT4bXlb1RHhLpp8wtm6M5TgSw==

undici-types@~7.18.0:
  version "7.18.2"
  resolved "https://registry.yarnpkg.com/undici-types/-/undici-types-7.18.2.tgz#29357a89e7b7ca4aef3bf0fd3fd0cd73884229e9"
  integrity sha512-AsuCzffGHJybSaRrmr5eHr81mwJU3kjw6M+uprWvCXiNeN9SOGwQ3Jn8jb8m3Z6izVgknn1R0FTCEAP2QrLY/w==

undici-types@~8.9.0:
  version "8.9.0"
  resolved "https://registry.yarnpkg.com/undici-types/-/undici-types-8.9.0.tgz#e240d97c8b5d85e5347ce73d25865c7906c1ec9f"
  integrity sha512-KTDyRTYX8sWmKXAikPHHSyc63CRPETMctyjKFupcC6OBLXT3xsN0e9aF7m+mIXutFWpUXuedtowG7iLOzp0kQg==

ws@^8.18.1:
  version "8.21.3"
  resolved "https://registry.yarnpkg.com/ws/-/ws-8.21.3.tgz#660b4faddb6a3e575c86e078126919961f4de4fc"
  integrity sha512-201TZ/kPWxoPr/OKWjquZR1SWKXcvxdH+e1xrx89b3YbmzLMFCLfnaG1HFIgWzJOEWZ7MvpK++odZufgYR50Rw==
